
Microsoft Visual Studio Solution File, Format Version 12.00
# Visual Studio Version 16
VisualStudioVersion = 16.0.32126.315
MinimumVisualStudioVersion = 10.0.40219.1
Project("{9A19103F-16F7-4668-BE54-9A1E7A4F7556}") = "CustomConfiguration", "src\Module6\CustomConfiguration\CustomConfiguration.csproj", "{487C00DC-2591-4834-8025-C3EDBB961CA0}"
EndProject
Project("{9A19103F-16F7-4668-BE54-9A1E7A4F7556}") = "CustomConfigurationTest", "src\Module6\CustomConfigurationTest\CustomConfigurationTest.csproj", "{5916EEBF-0F35-4613-84B3-FEFA703C7607}"
EndProject
Project("{9A19103F-16F7-4668-BE54-9A1E7A4F7556}") = "DataStructs", "src\Module7\DataStructs\DataStructs.csproj", "{DC86A2C4-3E2E-41CE-80D4-9E2884D16656}"
EndProject
Project("{9A19103F-16F7-4668-BE54-9A1E7A4F7556}") = "DataStructsTest", "src\Module7\DataStructsTest\DataStructsTest.csproj", "{5A06EA65-ADFA-4418-B8AF-66468C05E392}"
EndProject
Project("{9A19103F-16F7-4668-BE54-9A1E7A4F7556}") = "UnitTests", "src\Module8\UnitTests\UnitTests.csproj", "{F2F47878-8194-43D3-B70E-A081F5C29612}"
EndProject
Project("{9A19103F-16F7-4668-BE54-9A1E7A4F7556}") = "Katas", "src\Module8\Katas\Katas.csproj", "{D0C30F6B-87E6-4DD7-B5AD-75FAF2931706}"
EndProject
Project("{9A19103F-16F7-4668-BE54-9A1E7A4F7556}") = "BrainstormSessions", "src\Module9\BrainstormSessions\BrainstormSessions.csproj", "{7F33A21C-3EED-4904-935B-DE0BE9E55C6F}"
EndProject
Global
	GlobalSection(SolutionConfigurationPlatforms) = preSolution
		Debug|Any CPU = Debug|Any CPU
		Release|Any CPU = Release|Any CPU
	EndGlobalSection
	GlobalSection(ProjectConfigurationPlatforms) = postSolution
		{487C00DC-2591-4834-8025-C3EDBB961CA0}.Debug|Any CPU.ActiveCfg = Debug|Any CPU
		{487C00DC-2591-4834-8025-C3EDBB961CA0}.Debug|Any CPU.Build.0 = Debug|Any CPU
		{487C00DC-2591-4834-8025-C3EDBB961CA0}.Release|Any CPU.ActiveCfg = Release|Any CPU
		{487C00DC-2591-4834-8025-C3EDBB961CA0}.Release|Any CPU.Build.0 = Release|Any CPU
		{5916EEBF-0F35-4613-84B3-FEFA703C7607}.Debug|Any CPU.ActiveCfg = Debug|Any CPU
		{5916EEBF-0F35-4613-84B3-FEFA703C7607}.Debug|Any CPU.Build.0 = Debug|Any CPU
		{5916EEBF-0F35-4613-84B3-FEFA703C7607}.Release|Any CPU.ActiveCfg = Release|Any CPU
		{5916EEBF-0F35-4613-84B3-FEFA703C7607}.Release|Any CPU.Build.0 = Release|Any CPU
		{DC86A2C4-3E2E-41CE-80D4-9E2884D16656}.Debug|Any CPU.ActiveCfg = Debug|Any CPU
		{DC86A2C4-3E2E-41CE-80D4-9E2884D16656}.Debug|Any CPU.Build.0 = Debug|Any CPU
		{DC86A2C4-3E2E-41CE-80D4-9E2884D16656}.Release|Any CPU.ActiveCfg = Release|Any CPU
		{DC86A2C4-3E2E-41CE-80D4-9E2884D16656}.Release|Any CPU.Build.0 = Release|Any CPU
		{5A06EA65-ADFA-4418-B8AF-66468C05E392}.Debug|Any CPU.ActiveCfg = Debug|Any CPU
		{5A06EA65-ADFA-4418-B8AF-66468C05E392}.Debug|Any CPU.Build.0 = Debug|Any CPU
		{5A06EA65-ADFA-4418-B8AF-66468C05E392}.Release|Any CPU.ActiveCfg = Release|Any CPU
		{5A06EA65-ADFA-4418-B8AF-66468C05E392}.Release|Any CPU.Build.0 = Release|Any CPU
		{F2F47878-8194-43D3-B70E-A081F5C29612}.Debug|Any CPU.ActiveCfg = Debug|Any CPU
		{F2F47878-8194-43D3-B70E-A081F5C29612}.Debug|Any CPU.Build.0 = Debug|Any CPU
		{F2F47878-8194-43D3-B70E-A081F5C29612}.Release|Any CPU.ActiveCfg = Release|Any CPU
		{F2F47878-8194-43D3-B70E-A081F5C29612}.Release|Any CPU.Build.0 = Release|Any CPU
		{D0C30F6B-87E6-4DD7-B5AD-75FAF2931706}.Debug|Any CPU.ActiveCfg = Debug|Any CPU
		{D0C30F6B-87E6-4DD7-B5AD-75FAF2931706}.Debug|Any CPU.Build.0 = Debug|Any CPU
		{D0C30F6B-87E6-4DD7-B5AD-75FAF2931706}.Release|Any CPU.ActiveCfg = Release|Any CPU
		{D0C30F6B-87E6-4DD7-B5AD-75FAF2931706}.Release|Any CPU.Build.0 = Release|Any CPU
		{7F33A21C-3EED-4904-935B-DE0BE9E55C6F}.Debug|Any CPU.ActiveCfg = Debug|Any CPU
		{7F33A21C-3EED-4904-935B-DE0BE9E55C6F}.Debug|Any CPU.Build.0 = Debug|Any CPU
		{7F33A21C-3EED-4904-935B-DE0BE9E55C6F}.Release|Any CPU.ActiveCfg = Release|Any CPU
		{7F33A21C-3EED-4904-935B-DE0BE9E55C6F}.Release|Any CPU.Build.0 = Release|Any CPU
	EndGlobalSection
	GlobalSection(SolutionProperties) = preSolution
		HideSolutionNode = FALSE
	EndGlobalSection
	GlobalSection(ExtensibilityGlobals) = postSolution
		SolutionGuid = {08B67F24-BC7A-4058-912E-10CE26E67390}
	EndGlobalSection
EndGlobal
