
Microsoft Visual Studio Solution File, Format Version 12.00
# Visual Studio Version 16
VisualStudioVersion = 16.0.32126.315
MinimumVisualStudioVersion = 10.0.40219.1
Project("{9A19103F-16F7-4668-BE54-9A1E7A4F7556}") = "CustomConfiguration", "src\Module6\CustomConfiguration\CustomConfiguration.csproj", "{487C00DC-2591-4834-8025-C3EDBB961CA0}"
EndProject
Project("{9A19103F-16F7-4668-BE54-9A1E7A4F7556}") = "CustomConfigurationTest", "src\Module6\CustomConfigurationTest\CustomConfigurationTest.csproj", "{5916EEBF-0F35-4613-84B3-FEFA703C7607}"
EndProject
Project("{9A19103F-16F7-4668-BE54-9A1E7A4F7556}") = "DataStructs", "src\Module7\DataStructs\DataStructs.csproj", "{DC86A2C4-3E2E-41CE-80D4-9E2884D16656}"
EndProject
Project("{9A19103F-16F7-4668-BE54-9A1E7A4F7556}") = "DataStructsTest", "src\Module7\DataStructsTest\DataStructsTest.csproj", "{5A06EA65-ADFA-4418-B8AF-66468C05E392}"
EndProject
Project("{9A19103F-16F7-4668-BE54-9A1E7A4F7556}") = "UnitTests", "src\Module8\UnitTests\UnitTests.csproj", "{F2F47878-8194-43D3-B70E-A081F5C29612}"
EndProject
Project("{9A19103F-16F7-4668-BE54-9A1E7A4F7556}") = "Katas", "src\Module8\Katas\Katas.csproj", "{D0C30F6B-87E6-4DD7-B5AD-75FAF2931706}"
EndProject
Project("{9A19103F-16F7-4668-BE54-9A1E7A4F7556}") = "BrainstormSessions", "src\Module9\BrainstormSessions\BrainstormSessions.csproj", "{7F33A21C-3EED-4904-935B-DE0BE9E55C6F}"
EndProject
Project("{9A19103F-16F7-4668-BE54-9A1E7A4F7556}") = "Serialization", "src\Module10\Serialization\Serialization.csproj", "{4E9F940E-6D6F-4F7E-9903-A36BBDB4CFD4}"
EndProject
Project("{9A19103F-16F7-4668-BE54-9A1E7A4F7556}") = "SerializationConsole", "src\Module10\SerializationConsole\SerializationConsole.csproj", "{4309648A-2997-4E38-BE1D-DB8BE4338678}"
EndProject
Project("{9A19103F-16F7-4668-BE54-9A1E7A4F7556}") = "SerializationTest", "src\Module10\SerializationTest\SerializationTest.csproj", "{83BF1B56-AC22-43C2-8BF0-A5DA8200ED4A}"
EndProject
Project("{9A19103F-16F7-4668-BE54-9A1E7A4F7556}") = "OOP", "src\Module11\OOP\OOP.csproj", "{F5749D86-B988-4901-B3B9-DEFA99A707E2}"
EndProject
Project("{9A19103F-16F7-4668-BE54-9A1E7A4F7556}") = "OOPConsole", "src\Module11\OOPConsole\OOPConsole.csproj", "{C36050A7-355F-4383-BA88-C36B98B5815C}"
EndProject
Project("{9A19103F-16F7-4668-BE54-9A1E7A4F7556}") = "Task1", "src\Module12\Task1\Task1.csproj", "{F368EEC1-B735-4ECE-B501-402A7DB015CA}"
EndProject
Project("{9A19103F-16F7-4668-BE54-9A1E7A4F7556}") = "Task1.Tests", "src\Module12\Task1.Tests\Task1.Tests.csproj", "{E01B40BB-951B-44F7-82F9-989FE3D468B7}"
EndProject
Project("{9A19103F-16F7-4668-BE54-9A1E7A4F7556}") = "ADO.NET", "src\Module13\ADO.NET\ADO.NET.csproj", "{EBF9A372-C8FD-495B-B108-2C982E4C5042}"
EndProject
Project("{9A19103F-16F7-4668-BE54-9A1E7A4F7556}") = "ADO.NET.Test", "src\Module13\ADO.NET.Test\ADO.NET.Test.csproj", "{57EFDAE8-CFC0-4867-B3B2-E893C3467A3E}"
EndProject
Project("{9A19103F-16F7-4668-BE54-9A1E7A4F7556}") = "ORM", "src\Module14\ORM\ORM.csproj", "{97F5532F-907D-4E64-90DA-B4513FB54332}"
EndProject
Project("{9A19103F-16F7-4668-BE54-9A1E7A4F7556}") = "ORM.Test", "src\Module14\ORM.Test\ORM.Test.csproj", "{39033D79-6D6A-4EA1-82E0-0151DD7BD450}"
EndProject
Project("{9A19103F-16F7-4668-BE54-9A1E7A4F7556}") = "HttpServer", "src\Module15\HttpServer\HttpServer.csproj", "{4338F66B-75D4-4797-961D-B7B371D3CB30}"
EndProject
Project("{9A19103F-16F7-4668-BE54-9A1E7A4F7556}") = "HttpClientConsole", "src\Module15\HttpClientConsole\HttpClientConsole.csproj", "{4578AB0B-752C-4A29-AF34-905BA200EBF8}"
EndProject
Project("{FAE04EC0-301F-11D3-BF4B-00C04F79EFBC}") = "NorthwindTest", "src\Module16\NorthwindTest\NorthwindTest.csproj", "{3B3E127F-BDEA-40E1-AB8D-033A3683A86C}"
EndProject
Project("{FAE04EC0-301F-11D3-BF4B-00C04F79EFBC}") = "NorthwindApi", "src\Module16\NorthwindApi\NorthwindApi.csproj", "{CA0FFD9D-5305-40D6-A66A-116E84AEA195}"
EndProject
Global
	GlobalSection(SolutionConfigurationPlatforms) = preSolution
		Debug|Any CPU = Debug|Any CPU
		Release|Any CPU = Release|Any CPU
	EndGlobalSection
	GlobalSection(ProjectConfigurationPlatforms) = postSolution
		{487C00DC-2591-4834-8025-C3EDBB961CA0}.Debug|Any CPU.ActiveCfg = Debug|Any CPU
		{487C00DC-2591-4834-8025-C3EDBB961CA0}.Debug|Any CPU.Build.0 = Debug|Any CPU
		{487C00DC-2591-4834-8025-C3EDBB961CA0}.Release|Any CPU.ActiveCfg = Release|Any CPU
		{487C00DC-2591-4834-8025-C3EDBB961CA0}.Release|Any CPU.Build.0 = Release|Any CPU
		{5916EEBF-0F35-4613-84B3-FEFA703C7607}.Debug|Any CPU.ActiveCfg = Debug|Any CPU
		{5916EEBF-0F35-4613-84B3-FEFA703C7607}.Debug|Any CPU.Build.0 = Debug|Any CPU
		{5916EEBF-0F35-4613-84B3-FEFA703C7607}.Release|Any CPU.ActiveCfg = Release|Any CPU
		{5916EEBF-0F35-4613-84B3-FEFA703C7607}.Release|Any CPU.Build.0 = Release|Any CPU
		{DC86A2C4-3E2E-41CE-80D4-9E2884D16656}.Debug|Any CPU.ActiveCfg = Debug|Any CPU
		{DC86A2C4-3E2E-41CE-80D4-9E2884D16656}.Debug|Any CPU.Build.0 = Debug|Any CPU
		{DC86A2C4-3E2E-41CE-80D4-9E2884D16656}.Release|Any CPU.ActiveCfg = Release|Any CPU
		{DC86A2C4-3E2E-41CE-80D4-9E2884D16656}.Release|Any CPU.Build.0 = Release|Any CPU
		{5A06EA65-ADFA-4418-B8AF-66468C05E392}.Debug|Any CPU.ActiveCfg = Debug|Any CPU
		{5A06EA65-ADFA-4418-B8AF-66468C05E392}.Debug|Any CPU.Build.0 = Debug|Any CPU
		{5A06EA65-ADFA-4418-B8AF-66468C05E392}.Release|Any CPU.ActiveCfg = Release|Any CPU
		{5A06EA65-ADFA-4418-B8AF-66468C05E392}.Release|Any CPU.Build.0 = Release|Any CPU
		{F2F47878-8194-43D3-B70E-A081F5C29612}.Debug|Any CPU.ActiveCfg = Debug|Any CPU
		{F2F47878-8194-43D3-B70E-A081F5C29612}.Debug|Any CPU.Build.0 = Debug|Any CPU
		{F2F47878-8194-43D3-B70E-A081F5C29612}.Release|Any CPU.ActiveCfg = Release|Any CPU
		{F2F47878-8194-43D3-B70E-A081F5C29612}.Release|Any CPU.Build.0 = Release|Any CPU
		{D0C30F6B-87E6-4DD7-B5AD-75FAF2931706}.Debug|Any CPU.ActiveCfg = Debug|Any CPU
		{D0C30F6B-87E6-4DD7-B5AD-75FAF2931706}.Debug|Any CPU.Build.0 = Debug|Any CPU
		{D0C30F6B-87E6-4DD7-B5AD-75FAF2931706}.Release|Any CPU.ActiveCfg = Release|Any CPU
		{D0C30F6B-87E6-4DD7-B5AD-75FAF2931706}.Release|Any CPU.Build.0 = Release|Any CPU
		{7F33A21C-3EED-4904-935B-DE0BE9E55C6F}.Debug|Any CPU.ActiveCfg = Debug|Any CPU
		{7F33A21C-3EED-4904-935B-DE0BE9E55C6F}.Debug|Any CPU.Build.0 = Debug|Any CPU
		{7F33A21C-3EED-4904-935B-DE0BE9E55C6F}.Release|Any CPU.ActiveCfg = Release|Any CPU
		{7F33A21C-3EED-4904-935B-DE0BE9E55C6F}.Release|Any CPU.Build.0 = Release|Any CPU
		{4E9F940E-6D6F-4F7E-9903-A36BBDB4CFD4}.Debug|Any CPU.ActiveCfg = Debug|Any CPU
		{4E9F940E-6D6F-4F7E-9903-A36BBDB4CFD4}.Debug|Any CPU.Build.0 = Debug|Any CPU
		{4E9F940E-6D6F-4F7E-9903-A36BBDB4CFD4}.Release|Any CPU.ActiveCfg = Release|Any CPU
		{4E9F940E-6D6F-4F7E-9903-A36BBDB4CFD4}.Release|Any CPU.Build.0 = Release|Any CPU
		{4309648A-2997-4E38-BE1D-DB8BE4338678}.Debug|Any CPU.ActiveCfg = Debug|Any CPU
		{4309648A-2997-4E38-BE1D-DB8BE4338678}.Debug|Any CPU.Build.0 = Debug|Any CPU
		{4309648A-2997-4E38-BE1D-DB8BE4338678}.Release|Any CPU.ActiveCfg = Release|Any CPU
		{4309648A-2997-4E38-BE1D-DB8BE4338678}.Release|Any CPU.Build.0 = Release|Any CPU
		{83BF1B56-AC22-43C2-8BF0-A5DA8200ED4A}.Debug|Any CPU.ActiveCfg = Debug|Any CPU
		{83BF1B56-AC22-43C2-8BF0-A5DA8200ED4A}.Debug|Any CPU.Build.0 = Debug|Any CPU
		{83BF1B56-AC22-43C2-8BF0-A5DA8200ED4A}.Release|Any CPU.ActiveCfg = Release|Any CPU
		{83BF1B56-AC22-43C2-8BF0-A5DA8200ED4A}.Release|Any CPU.Build.0 = Release|Any CPU
		{F5749D86-B988-4901-B3B9-DEFA99A707E2}.Debug|Any CPU.ActiveCfg = Debug|Any CPU
		{F5749D86-B988-4901-B3B9-DEFA99A707E2}.Debug|Any CPU.Build.0 = Debug|Any CPU
		{F5749D86-B988-4901-B3B9-DEFA99A707E2}.Release|Any CPU.ActiveCfg = Release|Any CPU
		{F5749D86-B988-4901-B3B9-DEFA99A707E2}.Release|Any CPU.Build.0 = Release|Any CPU
		{C36050A7-355F-4383-BA88-C36B98B5815C}.Debug|Any CPU.ActiveCfg = Debug|Any CPU
		{C36050A7-355F-4383-BA88-C36B98B5815C}.Debug|Any CPU.Build.0 = Debug|Any CPU
		{C36050A7-355F-4383-BA88-C36B98B5815C}.Release|Any CPU.ActiveCfg = Release|Any CPU
		{C36050A7-355F-4383-BA88-C36B98B5815C}.Release|Any CPU.Build.0 = Release|Any CPU
		{F368EEC1-B735-4ECE-B501-402A7DB015CA}.Debug|Any CPU.ActiveCfg = Debug|Any CPU
		{F368EEC1-B735-4ECE-B501-402A7DB015CA}.Debug|Any CPU.Build.0 = Debug|Any CPU
		{F368EEC1-B735-4ECE-B501-402A7DB015CA}.Release|Any CPU.ActiveCfg = Release|Any CPU
		{F368EEC1-B735-4ECE-B501-402A7DB015CA}.Release|Any CPU.Build.0 = Release|Any CPU
		{E01B40BB-951B-44F7-82F9-989FE3D468B7}.Debug|Any CPU.ActiveCfg = Debug|Any CPU
		{E01B40BB-951B-44F7-82F9-989FE3D468B7}.Debug|Any CPU.Build.0 = Debug|Any CPU
		{E01B40BB-951B-44F7-82F9-989FE3D468B7}.Release|Any CPU.ActiveCfg = Release|Any CPU
		{E01B40BB-951B-44F7-82F9-989FE3D468B7}.Release|Any CPU.Build.0 = Release|Any CPU
		{EBF9A372-C8FD-495B-B108-2C982E4C5042}.Debug|Any CPU.ActiveCfg = Debug|Any CPU
		{EBF9A372-C8FD-495B-B108-2C982E4C5042}.Debug|Any CPU.Build.0 = Debug|Any CPU
		{EBF9A372-C8FD-495B-B108-2C982E4C5042}.Release|Any CPU.ActiveCfg = Release|Any CPU
		{EBF9A372-C8FD-495B-B108-2C982E4C5042}.Release|Any CPU.Build.0 = Release|Any CPU
		{57EFDAE8-CFC0-4867-B3B2-E893C3467A3E}.Debug|Any CPU.ActiveCfg = Debug|Any CPU
		{57EFDAE8-CFC0-4867-B3B2-E893C3467A3E}.Debug|Any CPU.Build.0 = Debug|Any CPU
		{57EFDAE8-CFC0-4867-B3B2-E893C3467A3E}.Release|Any CPU.ActiveCfg = Release|Any CPU
		{57EFDAE8-CFC0-4867-B3B2-E893C3467A3E}.Release|Any CPU.Build.0 = Release|Any CPU
		{97F5532F-907D-4E64-90DA-B4513FB54332}.Debug|Any CPU.ActiveCfg = Debug|Any CPU
		{97F5532F-907D-4E64-90DA-B4513FB54332}.Debug|Any CPU.Build.0 = Debug|Any CPU
		{97F5532F-907D-4E64-90DA-B4513FB54332}.Release|Any CPU.ActiveCfg = Release|Any CPU
		{97F5532F-907D-4E64-90DA-B4513FB54332}.Release|Any CPU.Build.0 = Release|Any CPU
		{39033D79-6D6A-4EA1-82E0-0151DD7BD450}.Debug|Any CPU.ActiveCfg = Debug|Any CPU
		{39033D79-6D6A-4EA1-82E0-0151DD7BD450}.Debug|Any CPU.Build.0 = Debug|Any CPU
		{39033D79-6D6A-4EA1-82E0-0151DD7BD450}.Release|Any CPU.ActiveCfg = Release|Any CPU
		{39033D79-6D6A-4EA1-82E0-0151DD7BD450}.Release|Any CPU.Build.0 = Release|Any CPU
		{4338F66B-75D4-4797-961D-B7B371D3CB30}.Debug|Any CPU.ActiveCfg = Debug|Any CPU
		{4338F66B-75D4-4797-961D-B7B371D3CB30}.Debug|Any CPU.Build.0 = Debug|Any CPU
		{4338F66B-75D4-4797-961D-B7B371D3CB30}.Release|Any CPU.ActiveCfg = Release|Any CPU
		{4338F66B-75D4-4797-961D-B7B371D3CB30}.Release|Any CPU.Build.0 = Release|Any CPU
		{4578AB0B-752C-4A29-AF34-905BA200EBF8}.Debug|Any CPU.ActiveCfg = Debug|Any CPU
		{4578AB0B-752C-4A29-AF34-905BA200EBF8}.Debug|Any CPU.Build.0 = Debug|Any CPU
		{4578AB0B-752C-4A29-AF34-905BA200EBF8}.Release|Any CPU.ActiveCfg = Release|Any CPU
		{4578AB0B-752C-4A29-AF34-905BA200EBF8}.Release|Any CPU.Build.0 = Release|Any CPU
		{3B3E127F-BDEA-40E1-AB8D-033A3683A86C}.Debug|Any CPU.ActiveCfg = Debug|Any CPU
		{3B3E127F-BDEA-40E1-AB8D-033A3683A86C}.Debug|Any CPU.Build.0 = Debug|Any CPU
		{3B3E127F-BDEA-40E1-AB8D-033A3683A86C}.Release|Any CPU.ActiveCfg = Release|Any CPU
		{3B3E127F-BDEA-40E1-AB8D-033A3683A86C}.Release|Any CPU.Build.0 = Release|Any CPU
		{CA0FFD9D-5305-40D6-A66A-116E84AEA195}.Debug|Any CPU.ActiveCfg = Debug|Any CPU
		{CA0FFD9D-5305-40D6-A66A-116E84AEA195}.Debug|Any CPU.Build.0 = Debug|Any CPU
		{CA0FFD9D-5305-40D6-A66A-116E84AEA195}.Release|Any CPU.ActiveCfg = Release|Any CPU
		{CA0FFD9D-5305-40D6-A66A-116E84AEA195}.Release|Any CPU.Build.0 = Release|Any CPU
	EndGlobalSection
	GlobalSection(SolutionProperties) = preSolution
		HideSolutionNode = FALSE
	EndGlobalSection
	GlobalSection(ExtensibilityGlobals) = postSolution
		SolutionGuid = {08B67F24-BC7A-4058-912E-10CE26E67390}
	EndGlobalSection
EndGlobal
