
Microsoft Visual Studio Solution File, Format Version 12.00
# Visual Studio Version 17
VisualStudioVersion = 17.1.32407.343
MinimumVisualStudioVersion = 10.0.40219.1
Project("{FAE04EC0-301F-11D3-BF4B-00C04F79EFBC}") = "CustomConfiguration", "src\Module6\CustomConfiguration\CustomConfiguration.csproj", "{487C00DC-2591-4834-8025-C3EDBB961CA0}"
EndProject
Project("{FAE04EC0-301F-11D3-BF4B-00C04F79EFBC}") = "CustomConfigurationTest", "src\Module6\CustomConfigurationTest\CustomConfigurationTest.csproj", "{5916EEBF-0F35-4613-84B3-FEFA703C7607}"
EndProject
Global
	GlobalSection(SolutionConfigurationPlatforms) = preSolution
		Debug|Any CPU = Debug|Any CPU
		Release|Any CPU = Release|Any CPU
	EndGlobalSection
	GlobalSection(ProjectConfigurationPlatforms) = postSolution
		{487C00DC-2591-4834-8025-C3EDBB961CA0}.Debug|Any CPU.ActiveCfg = Debug|Any CPU
		{487C00DC-2591-4834-8025-C3EDBB961CA0}.Debug|Any CPU.Build.0 = Debug|Any CPU
		{487C00DC-2591-4834-8025-C3EDBB961CA0}.Release|Any CPU.ActiveCfg = Release|Any CPU
		{487C00DC-2591-4834-8025-C3EDBB961CA0}.Release|Any CPU.Build.0 = Release|Any CPU
		{5916EEBF-0F35-4613-84B3-FEFA703C7607}.Debug|Any CPU.ActiveCfg = Debug|Any CPU
		{5916EEBF-0F35-4613-84B3-FEFA703C7607}.Debug|Any CPU.Build.0 = Debug|Any CPU
		{5916EEBF-0F35-4613-84B3-FEFA703C7607}.Release|Any CPU.ActiveCfg = Release|Any CPU
		{5916EEBF-0F35-4613-84B3-FEFA703C7607}.Release|Any CPU.Build.0 = Release|Any CPU
	EndGlobalSection
	GlobalSection(SolutionProperties) = preSolution
		HideSolutionNode = FALSE
	EndGlobalSection
	GlobalSection(ExtensibilityGlobals) = postSolution
		SolutionGuid = {08B67F24-BC7A-4058-912E-10CE26E67390}
	EndGlobalSection
EndGlobal
